Microsoft Visual Studio Solution File, Format Version 12.00
# Visual Studio Version 16
VisualStudioVersion = 16.0.29806.167
MinimumVisualStudioVersion = 10.0.40219.1
Project("{FAE04EC0-301F-11D3-BF4B-00C04F79EFBC}") = "EveryAngle.WebClient.Web", "EveryAngle.WebClient.Web\EveryAngle.WebClient.Web.csproj", "{375381B9-3A36-429B-9453-AE08E6379809}"
	ProjectSection(ProjectDependencies) = postProject
		{6D2DE634-8B78-4FDB-8067-919F98E4EF24} = {6D2DE634-8B78-4FDB-8067-919F98E4EF24}
	EndProjectSection
EndProject
Project("{FAE04EC0-301F-11D3-BF4B-00C04F79EFBC}") = "EveryAngle.WebClient.Service", "EveryAngle.WebClient.Service\EveryAngle.WebClient.Service.csproj", "{14D01084-DE1A-4C33-A81F-767E0FA7A77D}"
EndProject
Project("{FAE04EC0-301F-11D3-BF4B-00C04F79EFBC}") = "EveryAngle.ManagementConsole.Web", "EveryAngle.ManagementConsole\EveryAngle.ManagementConsole.Web.csproj", "{6D2DE634-8B78-4FDB-8067-919F98E4EF24}"
EndProject
Project("{FAE04EC0-301F-11D3-BF4B-00C04F79EFBC}") = "EveryAngle.WebClient.Domains", "EveryAngle.WebClient.Domain\EveryAngle.WebClient.Domains.csproj", "{EC17ECC9-7496-4B25-B524-348E6C3C6E15}"
EndProject
Project("{FAE04EC0-301F-11D3-BF4B-00C04F79EFBC}") = "EveryAngle.Shared.EmbeddedViews", "EveryAngle.Shared.EmbeddedViews\EveryAngle.Shared.EmbeddedViews.csproj", "{72A4F91C-C51B-4C5A-8DB1-7AD5A9795DCA}"
EndProject
Project("{FAE04EC0-301F-11D3-BF4B-00C04F79EFBC}") = "EveryAngle.Core.ViewModels", "EveryAngle.Core.ViewModels\EveryAngle.Core.ViewModels.csproj", "{FD678F41-ED45-41BA-9D41-0C96498D2B7A}"
EndProject
Project("{FAE04EC0-301F-11D3-BF4B-00C04F79EFBC}") = "EveryAngle.Shared.Helpers", "EveryAngle.Shared.Helpers\EveryAngle.Shared.Helpers.csproj", "{25EF80A0-14D8-4EFC-9AD2-265EF87B2429}"
EndProject
Project("{FAE04EC0-301F-11D3-BF4B-00C04F79EFBC}") = "EveryAngle.Core.Interfaces", "EveryAngle.Core.Interfaces\EveryAngle.Core.Interfaces.csproj", "{7F61D24C-5FB8-4B24-8273-176209AE2B8E}"
EndProject
Project("{FAE04EC0-301F-11D3-BF4B-00C04F79EFBC}") = "EveryAngle.ManagementConsole.Tests", "EveryAngle.ManagementConsole.Test\EveryAngle.ManagementConsole.Tests.csproj", "{ED57C5DA-FFF7-43F4-B494-D24C31F144EB}"
EndProject
Project("{FAE04EC0-301F-11D3-BF4B-00C04F79EFBC}") = "EveryAngle.WebClient.Web.CS.Tests", "EveryAngle.WebClient.Web.CS.Tests\EveryAngle.WebClient.Web.CS.Tests.csproj", "{1A8DE6DF-F914-431F-987D-08D751529D41}"
EndProject
Project("{2150E333-8FDC-42A3-9474-1A3956D46DE8}") = "Tests", "Tests", "{7E5C3FE0-4E88-480A-913A-1398049D5BEA}"
EndProject
Project("{FAE04EC0-301F-11D3-BF4B-00C04F79EFBC}") = "EveryAngle.WebClient.JS.Tests", "EveryAngle.WebClient.JS.Tests\EveryAngle.WebClient.JS.Tests.csproj", "{4B6CF0BD-D335-4421-BA13-6FC991AA57CD}"
	ProjectSection(ProjectDependencies) = postProject
		{6D2DE634-8B78-4FDB-8067-919F98E4EF24} = {6D2DE634-8B78-4FDB-8067-919F98E4EF24}
		{375381B9-3A36-429B-9453-AE08E6379809} = {375381B9-3A36-429B-9453-AE08E6379809}
	EndProjectSection
EndProject
Project("{FAE04EC0-301F-11D3-BF4B-00C04F79EFBC}") = "EveryAngle.Core.ViewModels.Tests", "EveryAngle.Core.ViewModels.Tests\EveryAngle.Core.ViewModels.Tests.csproj", "{C32CCE8B-C46E-4D44-AEE1-C0DA92DE29E9}"
EndProject
Project("{FAE04EC0-301F-11D3-BF4B-00C04F79EFBC}") = "EveryAngle.Shared.Globalization", "EveryAngle.Shared.Globalization\EveryAngle.Shared.Globalization.csproj", "{1C85EC76-0087-4319-8411-28BEBC56AAB0}"
EndProject
Global
	GlobalSection(SolutionConfigurationPlatforms) = preSolution
		Debug|Any CPU = Debug|Any CPU
		DEVMODE|Any CPU = DEVMODE|Any CPU
		Release|Any CPU = Release|Any CPU
	EndGlobalSection
	GlobalSection(ProjectConfigurationPlatforms) = postSolution
		{375381B9-3A36-429B-9453-AE08E6379809}.Debug|Any CPU.ActiveCfg = Debug|Any CPU
		{375381B9-3A36-429B-9453-AE08E6379809}.Debug|Any CPU.Build.0 = Debug|Any CPU
		{375381B9-3A36-429B-9453-AE08E6379809}.DEVMODE|Any CPU.ActiveCfg = DEVMODE|Any CPU
		{375381B9-3A36-429B-9453-AE08E6379809}.DEVMODE|Any CPU.Build.0 = DEVMODE|Any CPU
		{375381B9-3A36-429B-9453-AE08E6379809}.Release|Any CPU.ActiveCfg = Release|Any CPU
		{375381B9-3A36-429B-9453-AE08E6379809}.Release|Any CPU.Build.0 = Release|Any CPU
		{14D01084-DE1A-4C33-A81F-767E0FA7A77D}.Debug|Any CPU.ActiveCfg = Debug|Any CPU
		{14D01084-DE1A-4C33-A81F-767E0FA7A77D}.Debug|Any CPU.Build.0 = Debug|Any CPU
		{14D01084-DE1A-4C33-A81F-767E0FA7A77D}.DEVMODE|Any CPU.ActiveCfg = DEVMODE|Any CPU
		{14D01084-DE1A-4C33-A81F-767E0FA7A77D}.DEVMODE|Any CPU.Build.0 = DEVMODE|Any CPU
		{14D01084-DE1A-4C33-A81F-767E0FA7A77D}.Release|Any CPU.ActiveCfg = Release|Any CPU
		{14D01084-DE1A-4C33-A81F-767E0FA7A77D}.Release|Any CPU.Build.0 = Release|Any CPU
		{6D2DE634-8B78-4FDB-8067-919F98E4EF24}.Debug|Any CPU.ActiveCfg = Debug|Any CPU
		{6D2DE634-8B78-4FDB-8067-919F98E4EF24}.Debug|Any CPU.Build.0 = Debug|Any CPU
		{6D2DE634-8B78-4FDB-8067-919F98E4EF24}.DEVMODE|Any CPU.ActiveCfg = DEVMODE|Any CPU
		{6D2DE634-8B78-4FDB-8067-919F98E4EF24}.DEVMODE|Any CPU.Build.0 = DEVMODE|Any CPU
		{6D2DE634-8B78-4FDB-8067-919F98E4EF24}.Release|Any CPU.ActiveCfg = Release|Any CPU
		{6D2DE634-8B78-4FDB-8067-919F98E4EF24}.Release|Any CPU.Build.0 = Release|Any CPU
		{EC17ECC9-7496-4B25-B524-348E6C3C6E15}.Debug|Any CPU.ActiveCfg = Debug|Any CPU
		{EC17ECC9-7496-4B25-B524-348E6C3C6E15}.Debug|Any CPU.Build.0 = Debug|Any CPU
		{EC17ECC9-7496-4B25-B524-348E6C3C6E15}.DEVMODE|Any CPU.ActiveCfg = DEVMODE|Any CPU
		{EC17ECC9-7496-4B25-B524-348E6C3C6E15}.DEVMODE|Any CPU.Build.0 = DEVMODE|Any CPU
		{EC17ECC9-7496-4B25-B524-348E6C3C6E15}.Release|Any CPU.ActiveCfg = Release|Any CPU
		{EC17ECC9-7496-4B25-B524-348E6C3C6E15}.Release|Any CPU.Build.0 = Release|Any CPU
		{72A4F91C-C51B-4C5A-8DB1-7AD5A9795DCA}.Debug|Any CPU.ActiveCfg = Debug|Any CPU
		{72A4F91C-C51B-4C5A-8DB1-7AD5A9795DCA}.Debug|Any CPU.Build.0 = Debug|Any CPU
		{72A4F91C-C51B-4C5A-8DB1-7AD5A9795DCA}.DEVMODE|Any CPU.ActiveCfg = DEVMODE|Any CPU
		{72A4F91C-C51B-4C5A-8DB1-7AD5A9795DCA}.DEVMODE|Any CPU.Build.0 = DEVMODE|Any CPU
		{72A4F91C-C51B-4C5A-8DB1-7AD5A9795DCA}.Release|Any CPU.ActiveCfg = Release|Any CPU
		{72A4F91C-C51B-4C5A-8DB1-7AD5A9795DCA}.Release|Any CPU.Build.0 = Release|Any CPU
		{FD678F41-ED45-41BA-9D41-0C96498D2B7A}.Debug|Any CPU.ActiveCfg = Debug|Any CPU
		{FD678F41-ED45-41BA-9D41-0C96498D2B7A}.Debug|Any CPU.Build.0 = Debug|Any CPU
		{FD678F41-ED45-41BA-9D41-0C96498D2B7A}.DEVMODE|Any CPU.ActiveCfg = DEVMODE|Any CPU
		{FD678F41-ED45-41BA-9D41-0C96498D2B7A}.DEVMODE|Any CPU.Build.0 = DEVMODE|Any CPU
		{FD678F41-ED45-41BA-9D41-0C96498D2B7A}.Release|Any CPU.ActiveCfg = Release|Any CPU
		{FD678F41-ED45-41BA-9D41-0C96498D2B7A}.Release|Any CPU.Build.0 = Release|Any CPU
		{25EF80A0-14D8-4EFC-9AD2-265EF87B2429}.Debug|Any CPU.ActiveCfg = Debug|Any CPU
		{25EF80A0-14D8-4EFC-9AD2-265EF87B2429}.Debug|Any CPU.Build.0 = Debug|Any CPU
		{25EF80A0-14D8-4EFC-9AD2-265EF87B2429}.DEVMODE|Any CPU.ActiveCfg = DEVMODE|Any CPU
		{25EF80A0-14D8-4EFC-9AD2-265EF87B2429}.DEVMODE|Any CPU.Build.0 = DEVMODE|Any CPU
		{25EF80A0-14D8-4EFC-9AD2-265EF87B2429}.Release|Any CPU.ActiveCfg = Release|Any CPU
		{25EF80A0-14D8-4EFC-9AD2-265EF87B2429}.Release|Any CPU.Build.0 = Release|Any CPU
		{7F61D24C-5FB8-4B24-8273-176209AE2B8E}.Debug|Any CPU.ActiveCfg = Debug|Any CPU
		{7F61D24C-5FB8-4B24-8273-176209AE2B8E}.Debug|Any CPU.Build.0 = Debug|Any CPU
		{7F61D24C-5FB8-4B24-8273-176209AE2B8E}.DEVMODE|Any CPU.ActiveCfg = DEVMODE|Any CPU
		{7F61D24C-5FB8-4B24-8273-176209AE2B8E}.DEVMODE|Any CPU.Build.0 = DEVMODE|Any CPU
		{7F61D24C-5FB8-4B24-8273-176209AE2B8E}.Release|Any CPU.ActiveCfg = Release|Any CPU
		{7F61D24C-5FB8-4B24-8273-176209AE2B8E}.Release|Any CPU.Build.0 = Release|Any CPU
		{ED57C5DA-FFF7-43F4-B494-D24C31F144EB}.Debug|Any CPU.ActiveCfg = Debug|Any CPU
		{ED57C5DA-FFF7-43F4-B494-D24C31F144EB}.Debug|Any CPU.Build.0 = Debug|Any CPU
		{ED57C5DA-FFF7-43F4-B494-D24C31F144EB}.DEVMODE|Any CPU.ActiveCfg = DEVMODE|Any CPU
		{ED57C5DA-FFF7-43F4-B494-D24C31F144EB}.DEVMODE|Any CPU.Build.0 = DEVMODE|Any CPU
		{ED57C5DA-FFF7-43F4-B494-D24C31F144EB}.Release|Any CPU.ActiveCfg = Release|Any CPU
		{ED57C5DA-FFF7-43F4-B494-D24C31F144EB}.Release|Any CPU.Build.0 = Release|Any CPU
		{1A8DE6DF-F914-431F-987D-08D751529D41}.Debug|Any CPU.ActiveCfg = Debug|Any CPU
		{1A8DE6DF-F914-431F-987D-08D751529D41}.Debug|Any CPU.Build.0 = Debug|Any CPU
		{1A8DE6DF-F914-431F-987D-08D751529D41}.DEVMODE|Any CPU.ActiveCfg = Debug|Any CPU
		{1A8DE6DF-F914-431F-987D-08D751529D41}.DEVMODE|Any CPU.Build.0 = Debug|Any CPU
		{1A8DE6DF-F914-431F-987D-08D751529D41}.Release|Any CPU.ActiveCfg = Release|Any CPU
		{1A8DE6DF-F914-431F-987D-08D751529D41}.Release|Any CPU.Build.0 = Release|Any CPU
		{4B6CF0BD-D335-4421-BA13-6FC991AA57CD}.Debug|Any CPU.ActiveCfg = Debug|Any CPU
		{4B6CF0BD-D335-4421-BA13-6FC991AA57CD}.Debug|Any CPU.Build.0 = Debug|Any CPU
		{4B6CF0BD-D335-4421-BA13-6FC991AA57CD}.DEVMODE|Any CPU.ActiveCfg = Debug|Any CPU
		{4B6CF0BD-D335-4421-BA13-6FC991AA57CD}.DEVMODE|Any CPU.Build.0 = Debug|Any CPU
		{4B6CF0BD-D335-4421-BA13-6FC991AA57CD}.Release|Any CPU.ActiveCfg = Release|Any CPU
		{4B6CF0BD-D335-4421-BA13-6FC991AA57CD}.Release|Any CPU.Build.0 = Release|Any CPU
		{C32CCE8B-C46E-4D44-AEE1-C0DA92DE29E9}.Debug|Any CPU.ActiveCfg = Debug|Any CPU
		{C32CCE8B-C46E-4D44-AEE1-C0DA92DE29E9}.Debug|Any CPU.Build.0 = Debug|Any CPU
		{C32CCE8B-C46E-4D44-AEE1-C0DA92DE29E9}.DEVMODE|Any CPU.ActiveCfg = Debug|Any CPU
		{C32CCE8B-C46E-4D44-AEE1-C0DA92DE29E9}.DEVMODE|Any CPU.Build.0 = Debug|Any CPU
		{C32CCE8B-C46E-4D44-AEE1-C0DA92DE29E9}.Release|Any CPU.ActiveCfg = Release|Any CPU
		{C32CCE8B-C46E-4D44-AEE1-C0DA92DE29E9}.Release|Any CPU.Build.0 = Release|Any CPU
		{1C85EC76-0087-4319-8411-28BEBC56AAB0}.Debug|Any CPU.ActiveCfg = Debug|Any CPU
		{1C85EC76-0087-4319-8411-28BEBC56AAB0}.Debug|Any CPU.Build.0 = Debug|Any CPU
		{1C85EC76-0087-4319-8411-28BEBC56AAB0}.DEVMODE|Any CPU.ActiveCfg = Debug|Any CPU
		{1C85EC76-0087-4319-8411-28BEBC56AAB0}.DEVMODE|Any CPU.Build.0 = Debug|Any CPU
		{1C85EC76-0087-4319-8411-28BEBC56AAB0}.Release|Any CPU.ActiveCfg = Release|Any CPU
		{1C85EC76-0087-4319-8411-28BEBC56AAB0}.Release|Any CPU.Build.0 = Release|Any CPU
	EndGlobalSection
	GlobalSection(SolutionProperties) = preSolution
		HideSolutionNode = FALSE
	EndGlobalSection
	GlobalSection(NestedProjects) = preSolution
		{ED57C5DA-FFF7-43F4-B494-D24C31F144EB} = {7E5C3FE0-4E88-480A-913A-1398049D5BEA}
		{1A8DE6DF-F914-431F-987D-08D751529D41} = {7E5C3FE0-4E88-480A-913A-1398049D5BEA}
		{4B6CF0BD-D335-4421-BA13-6FC991AA57CD} = {7E5C3FE0-4E88-480A-913A-1398049D5BEA}
		{C32CCE8B-C46E-4D44-AEE1-C0DA92DE29E9} = {7E5C3FE0-4E88-480A-913A-1398049D5BEA}
	EndGlobalSection
	GlobalSection(ExtensibilityGlobals) = postSolution
		SolutionGuid = {A3BA7291-EC58-4910-B006-E4C3AC05EFBD}
	EndGlobalSection
EndGlobal
